// !$*UTF8*$!
{
	archiveVersion = 1;
	classes = {
	};
	objectVersion = 77;
	objects = {

/* Begin PBXBuildFile section */
		AA26D1732E3E6ADE00091CDA /* DesignSystem in Frameworks */ = {isa = PBXBuildFile; productRef = AA26D1722E3E6ADE00091CDA /* DesignSystem */; };
		AA26D1752E3E6ADE00091CDA /* Domain in Frameworks */ = {isa = PBXBuildFile; productRef = AA26D1742E3E6ADE00091CDA /* Domain */; };
		AA26D1772E3E6ADE00091CDA /* EntryList in Frameworks */ = {isa = PBXBuildFile; productRef = AA26D1762E3E6ADE00091CDA /* EntryList */; };
		AA26D1792E3E6ADE00091CDA /* Networking in Frameworks */ = {isa = PBXBuildFile; productRef = AA26D1782E3E6ADE00091CDA /* Networking */; };
		AA26D17B2E3E6ADE00091CDA /* RallyMap in Frameworks */ = {isa = PBXBuildFile; productRef = AA26D17A2E3E6ADE00091CDA /* RallyMap */; };
		AA26D17D2E3E6ADE00091CDA /* Theme in Frameworks */ = {isa = PBXBuildFile; productRef = AA26D17C2E3E6ADE00091CDA /* Theme */; };
/* End PBXBuildFile section */

/* Begin PBXContainerItemProxy section */
		AA26D1082E3E367600091CDA /* PBXContainerItemProxy */ = {
			isa = PBXContainerItemProxy;
			containerPortal = AA26D0F22E3E367400091CDA /* Project object */;
			proxyType = 1;
			remoteGlobalIDString = AA26D0F92E3E367400091CDA;
			remoteInfo = PineamiteApp;
		};
		AA26D1122E3E367600091CDA /* PBXContainerItemProxy */ = {
			isa = PBXContainerItemProxy;
			containerPortal = AA26D0F22E3E367400091CDA /* Project object */;
			proxyType = 1;
			remoteGlobalIDString = AA26D0F92E3E367400091CDA;
			remoteInfo = PineamiteApp;
		};
/* End PBXContainerItemProxy section */

/* Begin PBXFileReference section */
		AA26D0FA2E3E367400091CDA /* PineamiteApp.app */ = {isa = PBXFileReference; explicitFileType = wrapper.application; includeInIndex = 0; path = PineamiteApp.app; sourceTree = BUILT_PRODUCTS_DIR; };
		AA26D1072E3E367600091CDA /* PineamiteAppTests.xctest */ = {isa = PBXFileReference; explicitFileType = wrapper.cfbundle; includeInIndex = 0; path = PineamiteAppTests.xctest; sourceTree = BUILT_PRODUCTS_DIR; };
		AA26D1112E3E367600091CDA /* PineamiteAppUITests.xctest */ = {isa = PBXFileReference; explicitFileType = wrapper.cfbundle; includeInIndex = 0; path = PineamiteAppUITests.xctest; sourceTree = BUILT_PRODUCTS_DIR; };
/* End PBXFileReference section */

/* Begin PBXFileSystemSynchronizedBuildFileExceptionSet section */
		AA26D1252E3E380A00091CDA /* Exceptions for "PineamiteApp" folder in "PineamiteApp" target */ = {
			isa = PBXFileSystemSynchronizedBuildFileExceptionSet;
			membershipExceptions = (
				Info.plist,
				Packages/Base/Domain,
				Packages/Base/Theme,
				Packages/Features/EntryList,
				Packages/Features/RallyMap,
				Packages/Infrastructure/DesignSystem,
				Packages/Infrastructure/Networking,
			);
			target = AA26D0F92E3E367400091CDA /* PineamiteApp */;
		};
/* End PBXFileSystemSynchronizedBuildFileExceptionSet section */

/* Begin PBXFileSystemSynchronizedRootGroup section */
		AA26D0FC2E3E367400091CDA /* PineamiteApp */ = {
			isa = PBXFileSystemSynchronizedRootGroup;
			exceptions = (
				AA26D1252E3E380A00091CDA /* Exceptions for "PineamiteApp" folder in "PineamiteApp" target */,
			);
			path = PineamiteApp;
			sourceTree = "<group>";
		};
		AA26D10A2E3E367600091CDA /* PineamiteAppTests */ = {
			isa = PBXFileSystemSynchronizedRootGroup;
			path = PineamiteAppTests;
			sourceTree = "<group>";
		};
		AA26D1142E3E367600091CDA /* PineamiteAppUITests */ = {
			isa = PBXFileSystemSynchronizedRootGroup;
			path = PineamiteAppUITests;
			sourceTree = "<group>";
		};
/* End PBXFileSystemSynchronizedRootGroup section */

/* Begin PBXFrameworksBuildPhase section */
		AA26D0F72E3E367400091CDA /* Frameworks */ = {
			isa = PBXFrameworksBuildPhase;
			buildActionMask = 2147483647;
			files = (
				AA26D17D2E3E6ADE00091CDA /* Theme in Frameworks */,
				AA26D1772E3E6ADE00091CDA /* EntryList in Frameworks */,
				AA26D1752E3E6ADE00091CDA /* Domain in Frameworks */,
				AA26D1792E3E6ADE00091CDA /* Networking in Frameworks */,
				AA26D17B2E3E6ADE00091CDA /* RallyMap in Frameworks */,
				AA26D1732E3E6ADE00091CDA /* DesignSystem in Frameworks */,
			);
			runOnlyForDeploymentPostprocessing = 0;
		};
		AA26D1042E3E367600091CDA /* Frameworks */ = {
			isa = PBXFrameworksBuildPhase;
			buildActionMask = 2147483647;
			files = (
			);
			runOnlyForDeploymentPostprocessing = 0;
		};
		AA26D10E2E3E367600091CDA /* Frameworks */ = {
			isa = PBXFrameworksBuildPhase;
			buildActionMask = 2147483647;
			files = (
			);
			runOnlyForDeploymentPostprocessing = 0;
		};
/* End PBXFrameworksBuildPhase section */

/* Begin PBXGroup section */
		AA26D0F12E3E367400091CDA = {
			isa = PBXGroup;
			children = (
				AA26D0FC2E3E367400091CDA /* PineamiteApp */,
				AA26D10A2E3E367600091CDA /* PineamiteAppTests */,
				AA26D1142E3E367600091CDA /* PineamiteAppUITests */,
				AA26D1712E3E6ADE00091CDA /* Frameworks */,
				AA26D0FB2E3E367400091CDA /* Products */,
			);
			sourceTree = "<group>";
		};
		AA26D0FB2E3E367400091CDA /* Products */ = {
			isa = PBXGroup;
			children = (
				AA26D0FA2E3E367400091CDA /* PineamiteApp.app */,
				AA26D1072E3E367600091CDA /* PineamiteAppTests.xctest */,
				AA26D1112E3E367600091CDA /* PineamiteAppUITests.xctest */,
			);
			name = Products;
			sourceTree = "<group>";
		};
		AA26D1712E3E6ADE00091CDA /* Frameworks */ = {
			isa = PBXGroup;
			children = (
			);
			name = Frameworks;
			sourceTree = "<group>";
		};
/* End PBXGroup section */

/* Begin PBXNativeTarget section */
		AA26D0F92E3E367400091CDA /* PineamiteApp */ = {
			isa = PBXNativeTarget;
			buildConfigurationList = AA26D11B2E3E367600091CDA /* Build configuration list for PBXNativeTarget "PineamiteApp" */;
			buildPhases = (
				AA26D0F62E3E367400091CDA /* Sources */,
				AA26D0F72E3E367400091CDA /* Frameworks */,
				AA26D0F82E3E367400091CDA /* Resources */,
			);
			buildRules = (
			);
			dependencies = (
			);
			fileSystemSynchronizedGroups = (
				AA26D0FC2E3E367400091CDA /* PineamiteApp */,
			);
			name = PineamiteApp;
			packageProductDependencies = (
				AA26D1722E3E6ADE00091CDA /* DesignSystem */,
				AA26D1742E3E6ADE00091CDA /* Domain */,
				AA26D1762E3E6ADE00091CDA /* EntryList */,
				AA26D1782E3E6ADE00091CDA /* Networking */,
				AA26D17A2E3E6ADE00091CDA /* RallyMap */,
				AA26D17C2E3E6ADE00091CDA /* Theme */,
			);
			productName = PineamiteApp;
			productReference = AA26D0FA2E3E367400091CDA /* PineamiteApp.app */;
			productType = "com.apple.product-type.application";
		};
		AA26D1062E3E367600091CDA /* PineamiteAppTests */ = {
			isa = PBXNativeTarget;
			buildConfigurationList = AA26D11E2E3E367600091CDA /* Build configuration list for PBXNativeTarget "PineamiteAppTests" */;
			buildPhases = (
				AA26D1032E3E367600091CDA /* Sources */,
				AA26D1042E3E367600091CDA /* Frameworks */,
				AA26D1052E3E367600091CDA /* Resources */,
			);
			buildRules = (
			);
			dependencies = (
				AA26D1092E3E367600091CDA /* PBXTargetDependency */,
			);
			fileSystemSynchronizedGroups = (
				AA26D10A2E3E367600091CDA /* PineamiteAppTests */,
			);
			name = PineamiteAppTests;
			packageProductDependencies = (
			);
			productName = PineamiteAppTests;
			productReference = AA26D1072E3E367600091CDA /* PineamiteAppTests.xctest */;
			productType = "com.apple.product-type.bundle.unit-test";
		};
		AA26D1102E3E367600091CDA /* PineamiteAppUITests */ = {
			isa = PBXNativeTarget;
			buildConfigurationList = AA26D1212E3E367600091CDA /* Build configuration list for PBXNativeTarget "PineamiteAppUITests" */;
			buildPhases = (
				AA26D10D2E3E367600091CDA /* Sources */,
				AA26D10E2E3E367600091CDA /* Frameworks */,
				AA26D10F2E3E367600091CDA /* Resources */,
			);
			buildRules = (
			);
			dependencies = (
				AA26D1132E3E367600091CDA /* PBXTargetDependency */,
			);
			fileSystemSynchronizedGroups = (
				AA26D1142E3E367600091CDA /* PineamiteAppUITests */,
			);
			name = PineamiteAppUITests;
			packageProductDependencies = (
			);
			productName = PineamiteAppUITests;
			productReference = AA26D1112E3E367600091CDA /* PineamiteAppUITests.xctest */;
			productType = "com.apple.product-type.bundle.ui-testing";
		};
/* End PBXNativeTarget section */

/* Begin PBXProject section */
		AA26D0F22E3E367400091CDA /* Project object */ = {
			isa = PBXProject;
			attributes = {
				BuildIndependentTargetsInParallel = 1;
				LastSwiftUpdateCheck = 1640;
				LastUpgradeCheck = 1640;
				TargetAttributes = {
					AA26D0F92E3E367400091CDA = {
						CreatedOnToolsVersion = 16.4;
					};
					AA26D1062E3E367600091CDA = {
						CreatedOnToolsVersion = 16.4;
						TestTargetID = AA26D0F92E3E367400091CDA;
					};
					AA26D1102E3E367600091CDA = {
						CreatedOnToolsVersion = 16.4;
						TestTargetID = AA26D0F92E3E367400091CDA;
					};
				};
			};
			buildConfigurationList = AA26D0F52E3E367400091CDA /* Build configuration list for PBXProject "PineamiteApp" */;
			developmentRegion = en;
			hasScannedForEncodings = 0;
			knownRegions = (
				en,
				Base,
			);
			mainGroup = AA26D0F12E3E367400091CDA;
			minimizedProjectReferenceProxies = 1;
			preferredProjectObjectVersion = 77;
			productRefGroup = AA26D0FB2E3E367400091CDA /* Products */;
			projectDirPath = "";
			projectRoot = "";
			targets = (
				AA26D0F92E3E367400091CDA /* PineamiteApp */,
				AA26D1062E3E367600091CDA /* PineamiteAppTests */,
				AA26D1102E3E367600091CDA /* PineamiteAppUITests */,
			);
		};
/* End PBXProject section */

/* Begin PBXResourcesBuildPhase section */
		AA26D0F82E3E367400091CDA /* Resources */ = {
			isa = PBXResourcesBuildPhase;
			buildActionMask = 2147483647;
			files = (
			);
			runOnlyForDeploymentPostprocessing = 0;
		};
		AA26D1052E3E367600091CDA /* Resources */ = {
			isa = PBXResourcesBuildPhase;
			buildActionMask = 2147483647;
			files = (
			);
			runOnlyForDeploymentPostprocessing = 0;
		};
		AA26D10F2E3E367600091CDA /* Resources */ = {
			isa = PBXResourcesBuildPhase;
			buildActionMask = 2147483647;
			files = (
			);
			runOnlyForDeploymentPostprocessing = 0;
		};
/* End PBXResourcesBuildPhase section */

/* Begin PBXSourcesBuildPhase section */
		AA26D0F62E3E367400091CDA /* Sources */ = {
			isa = PBXSourcesBuildPhase;
			buildActionMask = 2147483647;
			files = (
			);
			runOnlyForDeploymentPostprocessing = 0;
		};
		AA26D1032E3E367600091CDA /* Sources */ = {
			isa = PBXSourcesBuildPhase;
			buildActionMask = 2147483647;
			files = (
			);
			runOnlyForDeploymentPostprocessing = 0;
		};
		AA26D10D2E3E367600091CDA /* Sources */ = {
			isa = PBXSourcesBuildPhase;
			buildActionMask = 2147483647;
			files = (
			);
			runOnlyForDeploymentPostprocessing = 0;
		};
/* End PBXSourcesBuildPhase section */

/* Begin PBXTargetDependency section */
		AA26D1092E3E367600091CDA /* PBXTargetDependency */ = {
			isa = PBXTargetDependency;
			target = AA26D0F92E3E367400091CDA /* PineamiteApp */;
			targetProxy = AA26D1082E3E367600091CDA /* PBXContainerItemProxy */;
		};
		AA26D1132E3E367600091CDA /* PBXTargetDependency */ = {
			isa = PBXTargetDependency;
			target = AA26D0F92E3E367400091CDA /* PineamiteApp */;
			targetProxy = AA26D1122E3E367600091CDA /* PBXContainerItemProxy */;
		};
/* End PBXTargetDependency section */

/* Begin XCBuildConfiguration section */
		AA26D1192E3E367600091CDA /* Debug */ = {
			isa = XCBuildConfiguration;
			buildSettings = {
				ALWAYS_SEARCH_USER_PATHS = NO;
				ASSETCATALOG_COMPILER_GENERATE_SWIFT_ASSET_SYMBOL_EXTENSIONS = YES;
				CLANG_ANALYZER_NONNULL = YES;
				CLANG_ANALYZER_NUMBER_OBJECT_CONVERSION = YES_AGGRESSIVE;
				CLANG_CXX_LANGUAGE_STANDARD = "gnu++20";
				CLANG_ENABLE_MODULES = YES;
				CLANG_ENABLE_OBJC_ARC = YES;
				CLANG_ENABLE_OBJC_WEAK = YES;
				CLANG_WARN_BLOCK_CAPTURE_AUTORELEASING = YES;
				CLANG_WARN_BOOL_CONVERSION = YES;
				CLANG_WARN_COMMA = YES;
				CLANG_WARN_CONSTANT_CONVERSION = YES;
				CLANG_WARN_DEPRECATED_OBJC_IMPLEMENTATIONS = YES;
				CLANG_WARN_DIRECT_OBJC_ISA_USAGE = YES_ERROR;
				CLANG_WARN_DOCUMENTATION_COMMENTS = YES;
				CLANG_WARN_EMPTY_BODY = YES;
				CLANG_WARN_ENUM_CONVERSION = YES;
				CLANG_WARN_INFINITE_RECURSION = YES;
				CLANG_WARN_INT_CONVERSION = YES;
				CLANG_WARN_NON_LITERAL_NULL_CONVERSION = YES;
				CLANG_WARN_OBJC_IMPLICIT_RETAIN_SELF = YES;
				CLANG_WARN_OBJC_LITERAL_CONVERSION = YES;
				CLANG_WARN_OBJC_ROOT_CLASS = YES_ERROR;
				CLANG_WARN_QUOTED_INCLUDE_IN_FRAMEWORK_HEADER = YES;
				CLANG_WARN_RANGE_LOOP_ANALYSIS = YES;
				CLANG_WARN_STRICT_PROTOTYPES = YES;
				CLANG_WARN_SUSPICIOUS_MOVE = YES;
				CLANG_WARN_UNGUARDED_AVAILABILITY = YES_AGGRESSIVE;
				CLANG_WARN_UNREACHABLE_CODE = YES;
				CLANG_WARN__DUPLICATE_METHOD_MATCH = YES;
				COPY_PHASE_STRIP = NO;
				DEBUG_INFORMATION_FORMAT = dwarf;
				DEVELOPMENT_TEAM = 43VW2ZAV8D;
				ENABLE_STRICT_OBJC_MSGSEND = YES;
				ENABLE_TESTABILITY = YES;
				ENABLE_USER_SCRIPT_SANDBOXING = YES;
				GCC_C_LANGUAGE_STANDARD = gnu17;
				GCC_DYNAMIC_NO_PIC = NO;
				GCC_NO_COMMON_BLOCKS = YES;
				GCC_OPTIMIZATION_LEVEL = 0;
				GCC_PREPROCESSOR_DEFINITIONS = (
					"DEBUG=1",
					"$(inherited)",
				);
				GCC_WARN_64_TO_32_BIT_CONVERSION = YES;
				GCC_WARN_ABOUT_RETURN_TYPE = YES_ERROR;
				GCC_WARN_UNDECLARED_SELECTOR = YES;
				GCC_WARN_UNINITIALIZED_AUTOS = YES_AGGRESSIVE;
				GCC_WARN_UNUSED_FUNCTION = YES;
				GCC_WARN_UNUSED_VARIABLE = YES;
				IPHONEOS_DEPLOYMENT_TARGET = 18.5;
				LOCALIZATION_PREFERS_STRING_CATALOGS = YES;
				MTL_ENABLE_DEBUG_INFO = INCLUDE_SOURCE;
				MTL_FAST_MATH = YES;
				ONLY_ACTIVE_ARCH = YES;
				SDKROOT = iphoneos;
				SWIFT_ACTIVE_COMPILATION_CONDITIONS = "DEBUG $(inherited)";
				SWIFT_OPTIMIZATION_LEVEL = "-Onone";
			};
			name = Debug;
		};
		AA26D11A2E3E367600091CDA /* Release */ = {
			isa = XCBuildConfiguration;
			buildSettings = {
				ALWAYS_SEARCH_USER_PATHS = NO;
				ASSETCATALOG_COMPILER_GENERATE_SWIFT_ASSET_SYMBOL_EXTENSIONS = YES;
				CLANG_ANALYZER_NONNULL = YES;
				CLANG_ANALYZER_NUMBER_OBJECT_CONVERSION = YES_AGGRESSIVE;
				CLANG_CXX_LANGUAGE_STANDARD = "gnu++20";
				CLANG_ENABLE_MODULES = YES;
				CLANG_ENABLE_OBJC_ARC = YES;
				CLANG_ENABLE_OBJC_WEAK = YES;
				CLANG_WARN_BLOCK_CAPTURE_AUTORELEASING = YES;
				CLANG_WARN_BOOL_CONVERSION = YES;
				CLANG_WARN_COMMA = YES;
				CLANG_WARN_CONSTANT_CONVERSION = YES;
				CLANG_WARN_DEPRECATED_OBJC_IMPLEMENTATIONS = YES;
				CLANG_WARN_DIRECT_OBJC_ISA_USAGE = YES_ERROR;
				CLANG_WARN_DOCUMENTATION_COMMENTS = YES;
				CLANG_WARN_EMPTY_BODY = YES;
				CLANG_WARN_ENUM_CONVERSION = YES;
				CLANG_WARN_INFINITE_RECURSION = YES;
				CLANG_WARN_INT_CONVERSION = YES;
				CLANG_WARN_NON_LITERAL_NULL_CONVERSION = YES;
				CLANG_WARN_OBJC_IMPLICIT_RETAIN_SELF = YES;
				CLANG_WARN_OBJC_LITERAL_CONVERSION = YES;
				CLANG_WARN_OBJC_ROOT_CLASS = YES_ERROR;
				CLANG_WARN_QUOTED_INCLUDE_IN_FRAMEWORK_HEADER = YES;
				CLANG_WARN_RANGE_LOOP_ANALYSIS = YES;
				CLANG_WARN_STRICT_PROTOTYPES = YES;
				CLANG_WARN_SUSPICIOUS_MOVE = YES;
				CLANG_WARN_UNGUARDED_AVAILABILITY = YES_AGGRESSIVE;
				CLANG_WARN_UNREACHABLE_CODE = YES;
				CLANG_WARN__DUPLICATE_METHOD_MATCH = YES;
				COPY_PHASE_STRIP = NO;
				DEBUG_INFORMATION_FORMAT = "dwarf-with-dsym";
				DEVELOPMENT_TEAM = 43VW2ZAV8D;
				ENABLE_NS_ASSERTIONS = NO;
				ENABLE_STRICT_OBJC_MSGSEND = YES;
				ENABLE_USER_SCRIPT_SANDBOXING = YES;
				GCC_C_LANGUAGE_STANDARD = gnu17;
				GCC_NO_COMMON_BLOCKS = YES;
				GCC_WARN_64_TO_32_BIT_CONVERSION = YES;
				GCC_WARN_ABOUT_RETURN_TYPE = YES_ERROR;
				GCC_WARN_UNDECLARED_SELECTOR = YES;
				GCC_WARN_UNINITIALIZED_AUTOS = YES_AGGRESSIVE;
				GCC_WARN_UNUSED_FUNCTION = YES;
				GCC_WARN_UNUSED_VARIABLE = YES;
				IPHONEOS_DEPLOYMENT_TARGET = 18.5;
				LOCALIZATION_PREFERS_STRING_CATALOGS = YES;
				MTL_ENABLE_DEBUG_INFO = NO;
				MTL_FAST_MATH = YES;
				SDKROOT = iphoneos;
				SWIFT_COMPILATION_MODE = wholemodule;
				VALIDATE_PRODUCT = YES;
			};
			name = Release;
		};
		AA26D11C2E3E367600091CDA /* Debug */ = {
			isa = XCBuildConfiguration;
			buildSettings = {
				ASSETCATALOG_COMPILER_APPICON_NAME = AppIcon;
				ASSETCATALOG_COMPILER_GLOBAL_ACCENT_COLOR_NAME = AccentColor;
				CODE_SIGN_STYLE = Automatic;
				CURRENT_PROJECT_VERSION = 1;
				DEVELOPMENT_TEAM = 43VW2ZAV8D;
				ENABLE_PREVIEWS = YES;
				GENERATE_INFOPLIST_FILE = YES;
				INFOPLIST_FILE = PineamiteApp/Info.plist;
				INFOPLIST_KEY_UIApplicationSceneManifest_Generation = YES;
				INFOPLIST_KEY_UIApplicationSupportsIndirectInputEvents = YES;
				INFOPLIST_KEY_UILaunchScreen_Generation = YES;
				INFOPLIST_KEY_UISupportedInterfaceOrientations = "UIInterfaceOrientationLandscapeLeft UIInterfaceOrientationLandscapeRight UIInterfaceOrientationPortrait UIInterfaceOrientationPortraitUpsideDown";
				IPHONEOS_DEPLOYMENT_TARGET = 15;
				LD_RUNPATH_SEARCH_PATHS = (
					"$(inherited)",
					"@executable_path/Frameworks",
				);
				MARKETING_VERSION = 1.0;
				PRODUCT_BUNDLE_IDENTIFIER = com.NGiDeveloper.PineamiteApp;
				PRODUCT_NAME = "$(TARGET_NAME)";
				SUPPORTED_PLATFORMS = "iphoneos iphonesimulator";
				SUPPORTS_MACCATALYST = NO;
				SUPPORTS_MAC_DESIGNED_FOR_IPHONE_IPAD = NO;
				SUPPORTS_XR_DESIGNED_FOR_IPHONE_IPAD = NO;
				SWIFT_EMIT_LOC_STRINGS = YES;
				SWIFT_VERSION = 5.0;
				TARGETED_DEVICE_FAMILY = "1,2";
			};
			name = Debug;
		};
		AA26D11D2E3E367600091CDA /* Release */ = {
			isa = XCBuildConfiguration;
			buildSettings = {
				ASSETCATALOG_COMPILER_APPICON_NAME = AppIcon;
				ASSETCATALOG_COMPILER_GLOBAL_ACCENT_COLOR_NAME = AccentColor;
				CODE_SIGN_STYLE = Automatic;
				CURRENT_PROJECT_VERSION = 1;
				DEVELOPMENT_TEAM = 43VW2ZAV8D;
				ENABLE_PREVIEWS = YES;
				GENERATE_INFOPLIST_FILE = YES;
				INFOPLIST_FILE = PineamiteApp/Info.plist;
				INFOPLIST_KEY_UIApplicationSceneManifest_Generation = YES;
				INFOPLIST_KEY_UIApplicationSupportsIndirectInputEvents = YES;
				INFOPLIST_KEY_UILaunchScreen_Generation = YES;
				INFOPLIST_KEY_UISupportedInterfaceOrientations = "UIInterfaceOrientationLandscapeLeft UIInterfaceOrientationLandscapeRight UIInterfaceOrientationPortrait UIInterfaceOrientationPortraitUpsideDown";
				IPHONEOS_DEPLOYMENT_TARGET = 15;
				LD_RUNPATH_SEARCH_PATHS = (
					"$(inherited)",
					"@executable_path/Frameworks",
				);
				MARKETING_VERSION = 1.0;
				PRODUCT_BUNDLE_IDENTIFIER = com.NGiDeveloper.PineamiteApp;
				PRODUCT_NAME = "$(TARGET_NAME)";
				SUPPORTED_PLATFORMS = "iphoneos iphonesimulator";
				SUPPORTS_MACCATALYST = NO;
				SUPPORTS_MAC_DESIGNED_FOR_IPHONE_IPAD = NO;
				SUPPORTS_XR_DESIGNED_FOR_IPHONE_IPAD = NO;
				SWIFT_EMIT_LOC_STRINGS = YES;
				SWIFT_VERSION = 5.0;
				TARGETED_DEVICE_FAMILY = "1,2";
			};
			name = Release;
		};
		AA26D11F2E3E367600091CDA /* Debug */ = {
			isa = XCBuildConfiguration;
			buildSettings = {
				BUNDLE_LOADER = "$(TEST_HOST)";
				CODE_SIGN_STYLE = Automatic;
				CURRENT_PROJECT_VERSION = 1;
				DEVELOPMENT_TEAM = 43VW2ZAV8D;
				GENERATE_INFOPLIST_FILE = YES;
				IPHONEOS_DEPLOYMENT_TARGET = 18.5;
				MARKETING_VERSION = 1.0;
				PRODUCT_BUNDLE_IDENTIFIER = com.NGiDeveloper.PineamiteAppTests;
				PRODUCT_NAME = "$(TARGET_NAME)";
				SWIFT_EMIT_LOC_STRINGS = NO;
				SWIFT_VERSION = 5.0;
				TARGETED_DEVICE_FAMILY = "1,2";
				TEST_HOST = "$(BUILT_PRODUCTS_DIR)/PineamiteApp.app/$(BUNDLE_EXECUTABLE_FOLDER_PATH)/PineamiteApp";
			};
			name = Debug;
		};
		AA26D1202E3E367600091CDA /* Release */ = {
			isa = XCBuildConfiguration;
			buildSettings = {
				BUNDLE_LOADER = "$(TEST_HOST)";
				CODE_SIGN_STYLE = Automatic;
				CURRENT_PROJECT_VERSION = 1;
				DEVELOPMENT_TEAM = 43VW2ZAV8D;
				GENERATE_INFOPLIST_FILE = YES;
				IPHONEOS_DEPLOYMENT_TARGET = 18.5;
				MARKETING_VERSION = 1.0;
				PRODUCT_BUNDLE_IDENTIFIER = com.NGiDeveloper.PineamiteAppTests;
				PRODUCT_NAME = "$(TARGET_NAME)";
				SWIFT_EMIT_LOC_STRINGS = NO;
				SWIFT_VERSION = 5.0;
				TARGETED_DEVICE_FAMILY = "1,2";
				TEST_HOST = "$(BUILT_PRODUCTS_DIR)/PineamiteApp.app/$(BUNDLE_EXECUTABLE_FOLDER_PATH)/PineamiteApp";
			};
			name = Release;
		};
		AA26D1222E3E367600091CDA /* Debug */ = {
			isa = XCBuildConfiguration;
			buildSettings = {
				CODE_SIGN_STYLE = Automatic;
				CURRENT_PROJECT_VERSION = 1;
				DEVELOPMENT_TEAM = 43VW2ZAV8D;
				GENERATE_INFOPLIST_FILE = YES;
				MARKETING_VERSION = 1.0;
				PRODUCT_BUNDLE_IDENTIFIER = com.NGiDeveloper.PineamiteAppUITests;
				PRODUCT_NAME = "$(TARGET_NAME)";
				SWIFT_EMIT_LOC_STRINGS = NO;
				SWIFT_VERSION = 5.0;
				TARGETED_DEVICE_FAMILY = "1,2";
				TEST_TARGET_NAME = PineamiteApp;
			};
			name = Debug;
		};
		AA26D1232E3E367600091CDA /* Release */ = {
			isa = XCBuildConfiguration;
			buildSettings = {
				CODE_SIGN_STYLE = Automatic;
				CURRENT_PROJECT_VERSION = 1;
				DEVELOPMENT_TEAM = 43VW2ZAV8D;
				GENERATE_INFOPLIST_FILE = YES;
				MARKETING_VERSION = 1.0;
				PRODUCT_BUNDLE_IDENTIFIER = com.NGiDeveloper.PineamiteAppUITests;
				PRODUCT_NAME = "$(TARGET_NAME)";
				SWIFT_EMIT_LOC_STRINGS = NO;
				SWIFT_VERSION = 5.0;
				TARGETED_DEVICE_FAMILY = "1,2";
				TEST_TARGET_NAME = PineamiteApp;
			};
			name = Release;
		};
/* End XCBuildConfiguration section */

/* Begin XCConfigurationList section */
		AA26D0F52E3E367400091CDA /* Build configuration list for PBXProject "PineamiteApp" */ = {
			isa = XCConfigurationList;
			buildConfigurations = (
				AA26D1192E3E367600091CDA /* Debug */,
				AA26D11A2E3E367600091CDA /* Release */,
			);
			defaultConfigurationIsVisible = 0;
			defaultConfigurationName = Release;
		};
		AA26D11B2E3E367600091CDA /* Build configuration list for PBXNativeTarget "PineamiteApp" */ = {
			isa = XCConfigurationList;
			buildConfigurations = (
				AA26D11C2E3E367600091CDA /* Debug */,
				AA26D11D2E3E367600091CDA /* Release */,
			);
			defaultConfigurationIsVisible = 0;
			defaultConfigurationName = Release;
		};
		AA26D11E2E3E367600091CDA /* Build configuration list for PBXNativeTarget "PineamiteAppTests" */ = {
			isa = XCConfigurationList;
			buildConfigurations = (
				AA26D11F2E3E367600091CDA /* Debug */,
				AA26D1202E3E367600091CDA /* Release */,
			);
			defaultConfigurationIsVisible = 0;
			defaultConfigurationName = Release;
		};
		AA26D1212E3E367600091CDA /* Build configuration list for PBXNativeTarget "PineamiteAppUITests" */ = {
			isa = XCConfigurationList;
			buildConfigurations = (
				AA26D1222E3E367600091CDA /* Debug */,
				AA26D1232E3E367600091CDA /* Release */,
			);
			defaultConfigurationIsVisible = 0;
			defaultConfigurationName = Release;
		};
/* End XCConfigurationList section */

/* Begin XCSwiftPackageProductDependency section */
		AA26D1722E3E6ADE00091CDA /* DesignSystem */ = {
			isa = XCSwiftPackageProductDependency;
			productName = DesignSystem;
		};
		AA26D1742E3E6ADE00091CDA /* Domain */ = {
			isa = XCSwiftPackageProductDependency;
			productName = Domain;
		};
		AA26D1762E3E6ADE00091CDA /* EntryList */ = {
			isa = XCSwiftPackageProductDependency;
			productName = EntryList;
		};
		AA26D1782E3E6ADE00091CDA /* Networking */ = {
			isa = XCSwiftPackageProductDependency;
			productName = Networking;
		};
		AA26D17A2E3E6ADE00091CDA /* RallyMap */ = {
			isa = XCSwiftPackageProductDependency;
			productName = RallyMap;
		};
		AA26D17C2E3E6ADE00091CDA /* Theme */ = {
			isa = XCSwiftPackageProductDependency;
			productName = Theme;
		};
/* End XCSwiftPackageProductDependency section */
	};
	rootObject = AA26D0F22E3E367400091CDA /* Project object */;
}
